
Microsoft Visual Studio Solution File, Format Version 12.00
# Visual Studio Version 16
VisualStudioVersion = 16.0.31410.357
MinimumVisualStudioVersion = 10.0.40219.1
Project("{FAE04EC0-301F-11D3-BF4B-00C04F79EFBC}") = "LuggerWPF", "LuggerWPF\LuggerWPF.csproj", "{2E459C58-DB60-48A0-85B7-E1AC9A6DCFF8}"
EndProject
Project("{FAE04EC0-301F-11D3-BF4B-00C04F79EFBC}") = "LuggerTest", "LuggerTest\LuggerTest.csproj", "{8C8DC6E0-49AC-4AAD-8875-0E66051DD21F}"
EndProject
Project("{FAE04EC0-301F-11D3-BF4B-00C04F79EFBC}") = "ExcelHelper", "ExcelHelper\ExcelHelper.csproj", "{6C402EE5-A4EF-458F-B30B-00723A92DA61}"
EndProject
Global
	GlobalSection(SolutionConfigurationPlatforms) = preSolution
		Debug|Any CPU = Debug|Any CPU
		Release|Any CPU = Release|Any CPU
	EndGlobalSection
	GlobalSection(ProjectConfigurationPlatforms) = postSolution
		{2E459C58-DB60-48A0-85B7-E1AC9A6DCFF8}.Debug|Any CPU.ActiveCfg = Debug|Any CPU
		{2E459C58-DB60-48A0-85B7-E1AC9A6DCFF8}.Debug|Any CPU.Build.0 = Debug|Any CPU
		{2E459C58-DB60-48A0-85B7-E1AC9A6DCFF8}.Release|Any CPU.ActiveCfg = Release|Any CPU
		{2E459C58-DB60-48A0-85B7-E1AC9A6DCFF8}.Release|Any CPU.Build.0 = Release|Any CPU
		{8C8DC6E0-49AC-4AAD-8875-0E66051DD21F}.Debug|Any CPU.ActiveCfg = Debug|Any CPU
		{8C8DC6E0-49AC-4AAD-8875-0E66051DD21F}.Debug|Any CPU.Build.0 = Debug|Any CPU
		{8C8DC6E0-49AC-4AAD-8875-0E66051DD21F}.Release|Any CPU.ActiveCfg = Release|Any CPU
		{8C8DC6E0-49AC-4AAD-8875-0E66051DD21F}.Release|Any CPU.Build.0 = Release|Any CPU
		{6C402EE5-A4EF-458F-B30B-00723A92DA61}.Debug|Any CPU.ActiveCfg = Debug|Any CPU
		{6C402EE5-A4EF-458F-B30B-00723A92DA61}.Debug|Any CPU.Build.0 = Debug|Any CPU
		{6C402EE5-A4EF-458F-B30B-00723A92DA61}.Release|Any CPU.ActiveCfg = Release|Any CPU
		{6C402EE5-A4EF-458F-B30B-00723A92DA61}.Release|Any CPU.Build.0 = Release|Any CPU
	EndGlobalSection
	GlobalSection(SolutionProperties) = preSolution
		HideSolutionNode = FALSE
	EndGlobalSection
	GlobalSection(ExtensibilityGlobals) = postSolution
		SolutionGuid = {62A1EC17-13E0-4D95-80FA-74721FBA8075}
	EndGlobalSection
EndGlobal
